// !$*UTF8*$!
{
	archiveVersion = 1;
	classes = {
	};
	objectVersion = 56;
	objects = {

/* Begin PBXBuildFile section */
		784D96822BD753720053B429 /* WeatherView.swift in Sources */ = {isa = PBXBuildFile; fileRef = 784D96812BD753720053B429 /* WeatherView.swift */; };
		784D96842BD753BA0053B429 /* ModelData.swift in Sources */ = {isa = PBXBuildFile; fileRef = 784D96832BD753BA0053B429 /* ModelData.swift */; };
		784D96862BD754050053B429 /* WeatherData.json in Resources */ = {isa = PBXBuildFile; fileRef = 784D96852BD754050053B429 /* WeatherData.json */; };
		784D96882BD756B20053B429 /* Extentions.swift in Sources */ = {isa = PBXBuildFile; fileRef = 784D96872BD756B20053B429 /* Extentions.swift */; };
		784D968B2BD75EC40053B429 /* WeatherRow.swift in Sources */ = {isa = PBXBuildFile; fileRef = 784D968A2BD75EC40053B429 /* WeatherRow.swift */; };
		78A2ECA52BD71EB8007A2C0B /* WeatherDemoApp.swift in Sources */ = {isa = PBXBuildFile; fileRef = 78A2ECA42BD71EB8007A2C0B /* WeatherDemoApp.swift */; };
		78A2ECA72BD71EB8007A2C0B /* ContentView.swift in Sources */ = {isa = PBXBuildFile; fileRef = 78A2ECA62BD71EB8007A2C0B /* ContentView.swift */; };
		78A2ECA92BD71EB9007A2C0B /* Assets.xcassets in Resources */ = {isa = PBXBuildFile; fileRef = 78A2ECA82BD71EB9007A2C0B /* Assets.xcassets */; };
		78A2ECAC2BD71EB9007A2C0B /* Preview Assets.xcassets in Resources */ = {isa = PBXBuildFile; fileRef = 78A2ECAB2BD71EB9007A2C0B /* Preview Assets.xcassets */; };
		78A2ECB42BD71F84007A2C0B /* LocationManager.swift in Sources */ = {isa = PBXBuildFile; fileRef = 78A2ECB32BD71F84007A2C0B /* LocationManager.swift */; };
		78A2ECB72BD72410007A2C0B /* WellcomeView.swift in Sources */ = {isa = PBXBuildFile; fileRef = 78A2ECB62BD72410007A2C0B /* WellcomeView.swift */; };
		78A2ECB92BD728C5007A2C0B /* LoadingView.swift in Sources */ = {isa = PBXBuildFile; fileRef = 78A2ECB82BD728C5007A2C0B /* LoadingView.swift */; };
		78A2ECBB2BD7378C007A2C0B /* WeatherManager.swift in Sources */ = {isa = PBXBuildFile; fileRef = 78A2ECBA2BD7378C007A2C0B /* WeatherManager.swift */; };
/* End PBXBuildFile section */

/* Begin PBXFileReference section */
		784D96812BD753720053B429 /* WeatherView.swift */ = {isa = PBXFileReference; lastKnownFileType = sourcecode.swift; path = WeatherView.swift; sourceTree = "<group>"; };
		784D96832BD753BA0053B429 /* ModelData.swift */ = {isa = PBXFileReference; lastKnownFileType = sourcecode.swift; path = ModelData.swift; sourceTree = "<group>"; };
		784D96852BD754050053B429 /* WeatherData.json */ = {isa = PBXFileReference; lastKnownFileType = text.json; path = WeatherData.json; sourceTree = "<group>"; };
		784D96872BD756B20053B429 /* Extentions.swift */ = {isa = PBXFileReference; lastKnownFileType = sourcecode.swift; path = Extentions.swift; sourceTree = "<group>"; };
		784D968A2BD75EC40053B429 /* WeatherRow.swift */ = {isa = PBXFileReference; lastKnownFileType = sourcecode.swift; path = WeatherRow.swift; sourceTree = "<group>"; };
		78A2ECA12BD71EB8007A2C0B /* WeatherDemo.app */ = {isa = PBXFileReference; explicitFileType = wrapper.application; includeInIndex = 0; path = WeatherDemo.app; sourceTree = BUILT_PRODUCTS_DIR; };
		78A2ECA42BD71EB8007A2C0B /* WeatherDemoApp.swift */ = {isa = PBXFileReference; lastKnownFileType = sourcecode.swift; path = WeatherDemoApp.swift; sourceTree = "<group>"; };
		78A2ECA62BD71EB8007A2C0B /* ContentView.swift */ = {isa = PBXFileReference; lastKnownFileType = sourcecode.swift; path = ContentView.swift; sourceTree = "<group>"; };
		78A2ECA82BD71EB9007A2C0B /* Assets.xcassets */ = {isa = PBXFileReference; lastKnownFileType = folder.assetcatalog; path = Assets.xcassets; sourceTree = "<group>"; };
		78A2ECAB2BD71EB9007A2C0B /* Preview Assets.xcassets */ = {isa = PBXFileReference; lastKnownFileType = folder.assetcatalog; path = "Preview Assets.xcassets"; sourceTree = "<group>"; };
		78A2ECB32BD71F84007A2C0B /* LocationManager.swift */ = {isa = PBXFileReference; lastKnownFileType = sourcecode.swift; path = LocationManager.swift; sourceTree = "<group>"; };
		78A2ECB62BD72410007A2C0B /* WellcomeView.swift */ = {isa = PBXFileReference; lastKnownFileType = sourcecode.swift; path = WellcomeView.swift; sourceTree = "<group>"; };
		78A2ECB82BD728C5007A2C0B /* LoadingView.swift */ = {isa = PBXFileReference; lastKnownFileType = sourcecode.swift; path = LoadingView.swift; sourceTree = "<group>"; };
		78A2ECBA2BD7378C007A2C0B /* WeatherManager.swift */ = {isa = PBXFileReference; lastKnownFileType = sourcecode.swift; path = WeatherManager.swift; sourceTree = "<group>"; };
/* End PBXFileReference section */

/* Begin PBXFrameworksBuildPhase section */
		78A2EC9E2BD71EB8007A2C0B /* Frameworks */ = {
			isa = PBXFrameworksBuildPhase;
			buildActionMask = 2147483647;
			files = (
			);
			runOnlyForDeploymentPostprocessing = 0;
		};
/* End PBXFrameworksBuildPhase section */

/* Begin PBXGroup section */
		784D96892BD75EA90053B429 /* Components */ = {
			isa = PBXGroup;
			children = (
				784D968A2BD75EC40053B429 /* WeatherRow.swift */,
			);
			path = Components;
			sourceTree = "<group>";
		};
		78A2EC982BD71EB8007A2C0B = {
			isa = PBXGroup;
			children = (
				78A2ECA32BD71EB8007A2C0B /* WeatherDemo */,
				78A2ECA22BD71EB8007A2C0B /* Products */,
			);
			sourceTree = "<group>";
		};
		78A2ECA22BD71EB8007A2C0B /* Products */ = {
			isa = PBXGroup;
			children = (
				78A2ECA12BD71EB8007A2C0B /* WeatherDemo.app */,
			);
			name = Products;
			sourceTree = "<group>";
		};
		78A2ECA32BD71EB8007A2C0B /* WeatherDemo */ = {
			isa = PBXGroup;
			children = (
				78A2ECA42BD71EB8007A2C0B /* WeatherDemoApp.swift */,
				784D96872BD756B20053B429 /* Extentions.swift */,
				784D96892BD75EA90053B429 /* Components */,
				78A2ECB52BD722D0007A2C0B /* Views */,
				78A2ECB22BD71F37007A2C0B /* Managers */,
				78A2ECAA2BD71EB9007A2C0B /* Preview Content */,
				78A2ECA82BD71EB9007A2C0B /* Assets.xcassets */,
			);
			path = WeatherDemo;
			sourceTree = "<group>";
		};
		78A2ECAA2BD71EB9007A2C0B /* Preview Content */ = {
			isa = PBXGroup;
			children = (
				78A2ECAB2BD71EB9007A2C0B /* Preview Assets.xcassets */,
				784D96832BD753BA0053B429 /* ModelData.swift */,
				784D96852BD754050053B429 /* WeatherData.json */,
			);
			path = "Preview Content";
			sourceTree = "<group>";
		};
		78A2ECB22BD71F37007A2C0B /* Managers */ = {
			isa = PBXGroup;
			children = (
				78A2ECB32BD71F84007A2C0B /* LocationManager.swift */,
				78A2ECBA2BD7378C007A2C0B /* WeatherManager.swift */,
			);
			path = Managers;
			sourceTree = "<group>";
		};
		78A2ECB52BD722D0007A2C0B /* Views */ = {
			isa = PBXGroup;
			children = (
				78A2ECA62BD71EB8007A2C0B /* ContentView.swift */,
				78A2ECB62BD72410007A2C0B /* WellcomeView.swift */,
				78A2ECB82BD728C5007A2C0B /* LoadingView.swift */,
				784D96812BD753720053B429 /* WeatherView.swift */,
			);
			path = Views;
			sourceTree = "<group>";
		};
/* End PBXGroup section */

/* Begin PBXNativeTarget section */
		78A2ECA02BD71EB8007A2C0B /* WeatherDemo */ = {
			isa = PBXNativeTarget;
			buildConfigurationList = 78A2ECAF2BD71EB9007A2C0B /* Build configuration list for PBXNativeTarget "WeatherDemo" */;
			buildPhases = (
				78A2EC9D2BD71EB8007A2C0B /* Sources */,
				78A2EC9E2BD71EB8007A2C0B /* Frameworks */,
				78A2EC9F2BD71EB8007A2C0B /* Resources */,
			);
			buildRules = (
			);
			dependencies = (
			);
			name = WeatherDemo;
			productName = WeatherDemo;
			productReference = 78A2ECA12BD71EB8007A2C0B /* WeatherDemo.app */;
			productType = "com.apple.product-type.application";
		};
/* End PBXNativeTarget section */

/* Begin PBXProject section */
		78A2EC992BD71EB8007A2C0B /* Project object */ = {
			isa = PBXProject;
			attributes = {
				BuildIndependentTargetsInParallel = 1;
				LastSwiftUpdateCheck = 1430;
				LastUpgradeCheck = 1530;
				TargetAttributes = {
					78A2ECA02BD71EB8007A2C0B = {
						CreatedOnToolsVersion = 14.3.1;
					};
				};
			};
			buildConfigurationList = 78A2EC9C2BD71EB8007A2C0B /* Build configuration list for PBXProject "WeatherDemo" */;
			compatibilityVersion = "Xcode 14.0";
			developmentRegion = en;
			hasScannedForEncodings = 0;
			knownRegions = (
				en,
				Base,
			);
			mainGroup = 78A2EC982BD71EB8007A2C0B;
			productRefGroup = 78A2ECA22BD71EB8007A2C0B /* Products */;
			projectDirPath = "";
			projectRoot = "";
			targets = (
				78A2ECA02BD71EB8007A2C0B /* WeatherDemo */,
			);
		};
/* End PBXProject section */

/* Begin PBXResourcesBuildPhase section */
		78A2EC9F2BD71EB8007A2C0B /* Resources */ = {
			isa = PBXResourcesBuildPhase;
			buildActionMask = 2147483647;
			files = (
				784D96862BD754050053B429 /* WeatherData.json in Resources */,
				78A2ECAC2BD71EB9007A2C0B /* Preview Assets.xcassets in Resources */,
				78A2ECA92BD71EB9007A2C0B /* Assets.xcassets in Resources */,
			);
			runOnlyForDeploymentPostprocessing = 0;
		};
/* End PBXResourcesBuildPhase section */

/* Begin PBXSourcesBuildPhase section */
		78A2EC9D2BD71EB8007A2C0B /* Sources */ = {
			isa = PBXSourcesBuildPhase;
			buildActionMask = 2147483647;
			files = (
				78A2ECBB2BD7378C007A2C0B /* WeatherManager.swift in Sources */,
				78A2ECB72BD72410007A2C0B /* WellcomeView.swift in Sources */,
				78A2ECA72BD71EB8007A2C0B /* ContentView.swift in Sources */,
				78A2ECA52BD71EB8007A2C0B /* WeatherDemoApp.swift in Sources */,
				78A2ECB92BD728C5007A2C0B /* LoadingView.swift in Sources */,
				784D968B2BD75EC40053B429 /* WeatherRow.swift in Sources */,
				784D96842BD753BA0053B429 /* ModelData.swift in Sources */,
				784D96822BD753720053B429 /* WeatherView.swift in Sources */,
				78A2ECB42BD71F84007A2C0B /* LocationManager.swift in Sources */,
				784D96882BD756B20053B429 /* Extentions.swift in Sources */,
			);
			runOnlyForDeploymentPostprocessing = 0;
		};
/* End PBXSourcesBuildPhase section */

/* Begin XCBuildConfiguration section */
		78A2ECAD2BD71EB9007A2C0B /* Debug */ = {
			isa = XCBuildConfiguration;
			buildSettings = {
				ALWAYS_SEARCH_USER_PATHS = NO;
				CLANG_ANALYZER_NONNULL = YES;
				CLANG_ANALYZER_NUMBER_OBJECT_CONVERSION = YES_AGGRESSIVE;
				CLANG_CXX_LANGUAGE_STANDARD = "gnu++20";
				CLANG_ENABLE_MODULES = YES;
				CLANG_ENABLE_OBJC_ARC = YES;
				CLANG_ENABLE_OBJC_WEAK = YES;
				CLANG_WARN_BLOCK_CAPTURE_AUTORELEASING = YES;
				CLANG_WARN_BOOL_CONVERSION = YES;
				CLANG_WARN_COMMA = YES;
				CLANG_WARN_CONSTANT_CONVERSION = YES;
				CLANG_WARN_DEPRECATED_OBJC_IMPLEMENTATIONS = YES;
				CLANG_WARN_DIRECT_OBJC_ISA_USAGE = YES_ERROR;
				CLANG_WARN_DOCUMENTATION_COMMENTS = YES;
				CLANG_WARN_EMPTY_BODY = YES;
				CLANG_WARN_ENUM_CONVERSION = YES;
				CLANG_WARN_INFINITE_RECURSION = YES;
				CLANG_WARN_INT_CONVERSION = YES;
				CLANG_WARN_NON_LITERAL_NULL_CONVERSION = YES;
				CLANG_WARN_OBJC_IMPLICIT_RETAIN_SELF = YES;
				CLANG_WARN_OBJC_LITERAL_CONVERSION = YES;
				CLANG_WARN_OBJC_ROOT_CLASS = YES_ERROR;
				CLANG_WARN_QUOTED_INCLUDE_IN_FRAMEWORK_HEADER = YES;
				CLANG_WARN_RANGE_LOOP_ANALYSIS = YES;
				CLANG_WARN_STRICT_PROTOTYPES = YES;
				CLANG_WARN_SUSPICIOUS_MOVE = YES;
				CLANG_WARN_UNGUARDED_AVAILABILITY = YES_AGGRESSIVE;
				CLANG_WARN_UNREACHABLE_CODE = YES;
				CLANG_WARN__DUPLICATE_METHOD_MATCH = YES;
				COPY_PHASE_STRIP = NO;
				DEBUG_INFORMATION_FORMAT = dwarf;
				ENABLE_STRICT_OBJC_MSGSEND = YES;
				ENABLE_TESTABILITY = YES;
				ENABLE_USER_SCRIPT_SANDBOXING = YES;
				GCC_C_LANGUAGE_STANDARD = gnu11;
				GCC_DYNAMIC_NO_PIC = NO;
				GCC_NO_COMMON_BLOCKS = YES;
				GCC_OPTIMIZATION_LEVEL = 0;
				GCC_PREPROCESSOR_DEFINITIONS = (
					"DEBUG=1",
					"$(inherited)",
				);
				GCC_WARN_64_TO_32_BIT_CONVERSION = YES;
				GCC_WARN_ABOUT_RETURN_TYPE = YES_ERROR;
				GCC_WARN_UNDECLARED_SELECTOR = YES;
				GCC_WARN_UNINITIALIZED_AUTOS = YES_AGGRESSIVE;
				GCC_WARN_UNUSED_FUNCTION = YES;
				GCC_WARN_UNUSED_VARIABLE = YES;
				IPHONEOS_DEPLOYMENT_TARGET = 16.4;
				MTL_ENABLE_DEBUG_INFO = INCLUDE_SOURCE;
				MTL_FAST_MATH = YES;
				ONLY_ACTIVE_ARCH = YES;
				SDKROOT = iphoneos;
				SWIFT_ACTIVE_COMPILATION_CONDITIONS = DEBUG;
				SWIFT_OPTIMIZATION_LEVEL = "-Onone";
			};
			name = Debug;
		};
		78A2ECAE2BD71EB9007A2C0B /* Release */ = {
			isa = XCBuildConfiguration;
			buildSettings = {
				ALWAYS_SEARCH_USER_PATHS = NO;
				CLANG_ANALYZER_NONNULL = YES;
				CLANG_ANALYZER_NUMBER_OBJECT_CONVERSION = YES_AGGRESSIVE;
				CLANG_CXX_LANGUAGE_STANDARD = "gnu++20";
				CLANG_ENABLE_MODULES = YES;
				CLANG_ENABLE_OBJC_ARC = YES;
				CLANG_ENABLE_OBJC_WEAK = YES;
				CLANG_WARN_BLOCK_CAPTURE_AUTORELEASING = YES;
				CLANG_WARN_BOOL_CONVERSION = YES;
				CLANG_WARN_COMMA = YES;
				CLANG_WARN_CONSTANT_CONVERSION = YES;
				CLANG_WARN_DEPRECATED_OBJC_IMPLEMENTATIONS = YES;
				CLANG_WARN_DIRECT_OBJC_ISA_USAGE = YES_ERROR;
				CLANG_WARN_DOCUMENTATION_COMMENTS = YES;
				CLANG_WARN_EMPTY_BODY = YES;
				CLANG_WARN_ENUM_CONVERSION = YES;
				CLANG_WARN_INFINITE_RECURSION = YES;
				CLANG_WARN_INT_CONVERSION = YES;
				CLANG_WARN_NON_LITERAL_NULL_CONVERSION = YES;
				CLANG_WARN_OBJC_IMPLICIT_RETAIN_SELF = YES;
				CLANG_WARN_OBJC_LITERAL_CONVERSION = YES;
				CLANG_WARN_OBJC_ROOT_CLASS = YES_ERROR;
				CLANG_WARN_QUOTED_INCLUDE_IN_FRAMEWORK_HEADER = YES;
				CLANG_WARN_RANGE_LOOP_ANALYSIS = YES;
				CLANG_WARN_STRICT_PROTOTYPES = YES;
				CLANG_WARN_SUSPICIOUS_MOVE = YES;
				CLANG_WARN_UNGUARDED_AVAILABILITY = YES_AGGRESSIVE;
				CLANG_WARN_UNREACHABLE_CODE = YES;
				CLANG_WARN__DUPLICATE_METHOD_MATCH = YES;
				COPY_PHASE_STRIP = NO;
				DEBUG_INFORMATION_FORMAT = "dwarf-with-dsym";
				ENABLE_NS_ASSERTIONS = NO;
				ENABLE_STRICT_OBJC_MSGSEND = YES;
				ENABLE_USER_SCRIPT_SANDBOXING = YES;
				GCC_C_LANGUAGE_STANDARD = gnu11;
				GCC_NO_COMMON_BLOCKS = YES;
				GCC_WARN_64_TO_32_BIT_CONVERSION = YES;
				GCC_WARN_ABOUT_RETURN_TYPE = YES_ERROR;
				GCC_WARN_UNDECLARED_SELECTOR = YES;
				GCC_WARN_UNINITIALIZED_AUTOS = YES_AGGRESSIVE;
				GCC_WARN_UNUSED_FUNCTION = YES;
				GCC_WARN_UNUSED_VARIABLE = YES;
				IPHONEOS_DEPLOYMENT_TARGET = 16.4;
				MTL_ENABLE_DEBUG_INFO = NO;
				MTL_FAST_MATH = YES;
				SDKROOT = iphoneos;
				SWIFT_COMPILATION_MODE = wholemodule;
				SWIFT_OPTIMIZATION_LEVEL = "-O";
				VALIDATE_PRODUCT = YES;
			};
			name = Release;
		};
		78A2ECB02BD71EB9007A2C0B /* Debug */ = {
			isa = XCBuildConfiguration;
			buildSettings = {
				ASSETCATALOG_COMPILER_APPICON_NAME = AppIcon;
				ASSETCATALOG_COMPILER_GLOBAL_ACCENT_COLOR_NAME = AccentColor;
				CODE_SIGN_STYLE = Automatic;
				CURRENT_PROJECT_VERSION = 1;
				DEVELOPMENT_ASSET_PATHS = "\"WeatherDemo/Preview Content\"";
				DEVELOPMENT_TEAM = WBAY89X4DW;
				ENABLE_PREVIEWS = YES;
				GENERATE_INFOPLIST_FILE = YES;
				INFOPLIST_KEY_UIApplicationSceneManifest_Generation = YES;
				INFOPLIST_KEY_UIApplicationSupportsIndirectInputEvents = YES;
				INFOPLIST_KEY_UILaunchScreen_Generation = YES;
				INFOPLIST_KEY_UISupportedInterfaceOrientations_iPad = "UIInterfaceOrientationPortrait UIInterfaceOrientationPortraitUpsideDown UIInterfaceOrientationLandscapeLeft UIInterfaceOrientationLandscapeRight";
				INFOPLIST_KEY_UISupportedInterfaceOrientations_iPhone = "UIInterfaceOrientationPortrait UIInterfaceOrientationLandscapeLeft UIInterfaceOrientationLandscapeRight";
				IPHONEOS_DEPLOYMENT_TARGET = 15.0;
				LD_RUNPATH_SEARCH_PATHS = (
					"$(inherited)",
					"@executable_path/Frameworks",
				);
				MARKETING_VERSION = 1.0;
				PRODUCT_BUNDLE_IDENTIFIER = com.rezamadizadeh.WeatherDemo;
				PRODUCT_NAME = "$(TARGET_NAME)";
				SWIFT_EMIT_LOC_STRINGS = YES;
				SWIFT_VERSION = 5.0;
				TARGETED_DEVICE_FAMILY = "1,2";
			};
			name = Debug;
		};
		78A2ECB12BD71EB9007A2C0B /* Release */ = {
			isa = XCBuildConfiguration;
			buildSettings = {
				ASSETCATALOG_COMPILER_APPICON_NAME = AppIcon;
				ASSETCATALOG_COMPILER_GLOBAL_ACCENT_COLOR_NAME = AccentColor;
				CODE_SIGN_STYLE = Automatic;
				CURRENT_PROJECT_VERSION = 1;
				DEVELOPMENT_ASSET_PATHS = "\"WeatherDemo/Preview Content\"";
				DEVELOPMENT_TEAM = WBAY89X4DW;
				ENABLE_PREVIEWS = YES;
				GENERATE_INFOPLIST_FILE = YES;
				INFOPLIST_KEY_UIApplicationSceneManifest_Generation = YES;
				INFOPLIST_KEY_UIApplicationSupportsIndirectInputEvents = YES;
				INFOPLIST_KEY_UILaunchScreen_Generation = YES;
				INFOPLIST_KEY_UISupportedInterfaceOrientations_iPad = "UIInterfaceOrientationPortrait UIInterfaceOrientationPortraitUpsideDown UIInterfaceOrientationLandscapeLeft UIInterfaceOrientationLandscapeRight";
				INFOPLIST_KEY_UISupportedInterfaceOrientations_iPhone = "UIInterfaceOrientationPortrait UIInterfaceOrientationLandscapeLeft UIInterfaceOrientationLandscapeRight";
				IPHONEOS_DEPLOYMENT_TARGET = 15.0;
				LD_RUNPATH_SEARCH_PATHS = (
					"$(inherited)",
					"@executable_path/Frameworks",
				);
				MARKETING_VERSION = 1.0;
				PRODUCT_BUNDLE_IDENTIFIER = com.rezamadizadeh.WeatherDemo;
				PRODUCT_NAME = "$(TARGET_NAME)";
				SWIFT_EMIT_LOC_STRINGS = YES;
				SWIFT_VERSION = 5.0;
				TARGETED_DEVICE_FAMILY = "1,2";
			};
			name = Release;
		};
/* End XCBuildConfiguration section */

/* Begin XCConfigurationList section */
		78A2EC9C2BD71EB8007A2C0B /* Build configuration list for PBXProject "WeatherDemo" */ = {
			isa = XCConfigurationList;
			buildConfigurations = (
				78A2ECAD2BD71EB9007A2C0B /* Debug */,
				78A2ECAE2BD71EB9007A2C0B /* Release */,
			);
			defaultConfigurationIsVisible = 0;
			defaultConfigurationName = Release;
		};
		78A2ECAF2BD71EB9007A2C0B /* Build configuration list for PBXNativeTarget "WeatherDemo" */ = {
			isa = XCConfigurationList;
			buildConfigurations = (
				78A2ECB02BD71EB9007A2C0B /* Debug */,
				78A2ECB12BD71EB9007A2C0B /* Release */,
			);
			defaultConfigurationIsVisible = 0;
			defaultConfigurationName = Release;
		};
/* End XCConfigurationList section */
	};
	rootObject = 78A2EC992BD71EB8007A2C0B /* Project object */;
}
